// !$*UTF8*$!
{
	archiveVersion = 1;
	classes = {
	};
	objectVersion = 48;
	objects = {

/* Begin PBXBuildFile section */
		484623AB204EFCD300F58556 /* WebService.swift in Sources */ = {isa = PBXBuildFile; fileRef = 484623AA204EFCD300F58556 /* WebService.swift */; };
		484623AD204EFCE400F58556 /* ErrorHandler.swift in Sources */ = {isa = PBXBuildFile; fileRef = 484623AC204EFCE400F58556 /* ErrorHandler.swift */; };
		484623B0204F09C600F58556 /* ListMovie.swift in Sources */ = {isa = PBXBuildFile; fileRef = 484623AF204F09C600F58556 /* ListMovie.swift */; };
		486DA3A1204EDDE1004BC029 /* AppDelegate.swift in Sources */ = {isa = PBXBuildFile; fileRef = 486DA3A0204EDDE1004BC029 /* AppDelegate.swift */; };
		486DA3A3204EDDE1004BC029 /* ViewController.swift in Sources */ = {isa = PBXBuildFile; fileRef = 486DA3A2204EDDE1004BC029 /* ViewController.swift */; };
		486DA3A6204EDDE1004BC029 /* Main.storyboard in Resources */ = {isa = PBXBuildFile; fileRef = 486DA3A4204EDDE1004BC029 /* Main.storyboard */; };
		486DA3A8204EDDE1004BC029 /* Assets.xcassets in Resources */ = {isa = PBXBuildFile; fileRef = 486DA3A7204EDDE1004BC029 /* Assets.xcassets */; };
		486DA3AB204EDDE1004BC029 /* LaunchScreen.storyboard in Resources */ = {isa = PBXBuildFile; fileRef = 486DA3A9204EDDE1004BC029 /* LaunchScreen.storyboard */; };
		486DA3B7204EEDEE004BC029 /* NowPlayingViewController.swift in Sources */ = {isa = PBXBuildFile; fileRef = 486DA3B6204EEDEE004BC029 /* NowPlayingViewController.swift */; };
		486DA3B9204EEE4E004BC029 /* ListMovieTableViewCell.swift in Sources */ = {isa = PBXBuildFile; fileRef = 486DA3B8204EEE4E004BC029 /* ListMovieTableViewCell.swift */; };
		48867CF320505E740000F951 /* MainTabBarViewController.swift in Sources */ = {isa = PBXBuildFile; fileRef = 48867CF220505E740000F951 /* MainTabBarViewController.swift */; };
		48867CF9205077390000F951 /* ProgressHUD.m in Sources */ = {isa = PBXBuildFile; fileRef = 48867CF8205077390000F951 /* ProgressHUD.m */; };
		48867CFB205082BC0000F951 /* DetailMovieViewController.swift in Sources */ = {isa = PBXBuildFile; fileRef = 48867CFA205082BC0000F951 /* DetailMovieViewController.swift */; };
		48867CFD2050941B0000F951 /* TitleCell.xib in Resources */ = {isa = PBXBuildFile; fileRef = 48867CFC2050941B0000F951 /* TitleCell.xib */; };
		48867CFF205096B60000F951 /* TitleCell.swift in Sources */ = {isa = PBXBuildFile; fileRef = 48867CFE205096B60000F951 /* TitleCell.swift */; };
		48867D0120509C960000F951 /* DetailMovie.swift in Sources */ = {isa = PBXBuildFile; fileRef = 48867D0020509C960000F951 /* DetailMovie.swift */; };
		48FEC5AD2050F8F400AD63C7 /* BodyCell.xib in Resources */ = {isa = PBXBuildFile; fileRef = 48FEC5AC2050F8F400AD63C7 /* BodyCell.xib */; };
		48FEC5AF2050FF6300AD63C7 /* BodyCell.swift in Sources */ = {isa = PBXBuildFile; fileRef = 48FEC5AE2050FF6300AD63C7 /* BodyCell.swift */; };
		48FEC5B120510A4A00AD63C7 /* SupportCell.swift in Sources */ = {isa = PBXBuildFile; fileRef = 48FEC5B020510A4A00AD63C7 /* SupportCell.swift */; };
		48FEC5B320510A7800AD63C7 /* VideosCell.swift in Sources */ = {isa = PBXBuildFile; fileRef = 48FEC5B220510A7700AD63C7 /* VideosCell.swift */; };
		48FEC5B520510A9900AD63C7 /* SupportCell.xib in Resources */ = {isa = PBXBuildFile; fileRef = 48FEC5B420510A9900AD63C7 /* SupportCell.xib */; };
		48FEC5B720510AA400AD63C7 /* VideosCell.xib in Resources */ = {isa = PBXBuildFile; fileRef = 48FEC5B620510AA400AD63C7 /* VideosCell.xib */; };
		48FEC5B920510C7E00AD63C7 /* AktrisCollectionViewCell.xib in Resources */ = {isa = PBXBuildFile; fileRef = 48FEC5B820510C7E00AD63C7 /* AktrisCollectionViewCell.xib */; };
		48FEC5BB20510C9800AD63C7 /* AktrisCollectionViewCell.swift in Sources */ = {isa = PBXBuildFile; fileRef = 48FEC5BA20510C9800AD63C7 /* AktrisCollectionViewCell.swift */; };
		713E2C7BECD039D730F34D22 /* Pods_MovieApp.framework in Frameworks */ = {isa = PBXBuildFile; fileRef = C568D874AED35D2058CD235B /* Pods_MovieApp.framework */; };
/* End PBXBuildFile section */

/* Begin PBXFileReference section */
		484623AA204EFCD300F58556 /* WebService.swift */ = {isa = PBXFileReference; lastKnownFileType = sourcecode.swift; path = WebService.swift; sourceTree = "<group>"; };
		484623AC204EFCE400F58556 /* ErrorHandler.swift */ = {isa = PBXFileReference; lastKnownFileType = sourcecode.swift; path = ErrorHandler.swift; sourceTree = "<group>"; };
		484623AF204F09C600F58556 /* ListMovie.swift */ = {isa = PBXFileReference; lastKnownFileType = sourcecode.swift; path = ListMovie.swift; sourceTree = "<group>"; };
		486DA39D204EDDE1004BC029 /* MovieApp.app */ = {isa = PBXFileReference; explicitFileType = wrapper.application; includeInIndex = 0; path = MovieApp.app; sourceTree = BUILT_PRODUCTS_DIR; };
		486DA3A0204EDDE1004BC029 /* AppDelegate.swift */ = {isa = PBXFileReference; lastKnownFileType = sourcecode.swift; path = AppDelegate.swift; sourceTree = "<group>"; };
		486DA3A2204EDDE1004BC029 /* ViewController.swift */ = {isa = PBXFileReference; lastKnownFileType = sourcecode.swift; path = ViewController.swift; sourceTree = "<group>"; };
		486DA3A5204EDDE1004BC029 /* Base */ = {isa = PBXFileReference; lastKnownFileType = file.storyboard; name = Base; path = Base.lproj/Main.storyboard; sourceTree = "<group>"; };
		486DA3A7204EDDE1004BC029 /* Assets.xcassets */ = {isa = PBXFileReference; lastKnownFileType = folder.assetcatalog; path = Assets.xcassets; sourceTree = "<group>"; };
		486DA3AA204EDDE1004BC029 /* Base */ = {isa = PBXFileReference; lastKnownFileType = file.storyboard; name = Base; path = Base.lproj/LaunchScreen.storyboard; sourceTree = "<group>"; };
		486DA3AC204EDDE1004BC029 /* Info.plist */ = {isa = PBXFileReference; lastKnownFileType = text.plist.xml; path = Info.plist; sourceTree = "<group>"; };
		486DA3B6204EEDEE004BC029 /* NowPlayingViewController.swift */ = {isa = PBXFileReference; lastKnownFileType = sourcecode.swift; path = NowPlayingViewController.swift; sourceTree = "<group>"; };
		486DA3B8204EEE4E004BC029 /* ListMovieTableViewCell.swift */ = {isa = PBXFileReference; lastKnownFileType = sourcecode.swift; path = ListMovieTableViewCell.swift; sourceTree = "<group>"; };
		48867CF220505E740000F951 /* MainTabBarViewController.swift */ = {isa = PBXFileReference; lastKnownFileType = sourcecode.swift; path = MainTabBarViewController.swift; sourceTree = "<group>"; };
		48867CF4205077130000F951 /* MovieApp-Bridging-Header.h */ = {isa = PBXFileReference; lastKnownFileType = sourcecode.c.h; path = "MovieApp-Bridging-Header.h"; sourceTree = "<group>"; };
		48867CF7205077390000F951 /* ProgressHUD.h */ = {isa = PBXFileReference; fileEncoding = 4; lastKnownFileType = sourcecode.c.h; path = ProgressHUD.h; sourceTree = "<group>"; };
		48867CF8205077390000F951 /* ProgressHUD.m */ = {isa = PBXFileReference; fileEncoding = 4; lastKnownFileType = sourcecode.c.objc; path = ProgressHUD.m; sourceTree = "<group>"; };
		48867CFA205082BC0000F951 /* DetailMovieViewController.swift */ = {isa = PBXFileReference; lastKnownFileType = sourcecode.swift; path = DetailMovieViewController.swift; sourceTree = "<group>"; };
		48867CFC2050941B0000F951 /* TitleCell.xib */ = {isa = PBXFileReference; lastKnownFileType = file.xib; path = TitleCell.xib; sourceTree = "<group>"; };
		48867CFE205096B60000F951 /* TitleCell.swift */ = {isa = PBXFileReference; lastKnownFileType = sourcecode.swift; path = TitleCell.swift; sourceTree = "<group>"; };
		48867D0020509C960000F951 /* DetailMovie.swift */ = {isa = PBXFileReference; lastKnownFileType = sourcecode.swift; path = DetailMovie.swift; sourceTree = "<group>"; };
		48FEC5AC2050F8F400AD63C7 /* BodyCell.xib */ = {isa = PBXFileReference; lastKnownFileType = file.xib; path = BodyCell.xib; sourceTree = "<group>"; };
		48FEC5AE2050FF6300AD63C7 /* BodyCell.swift */ = {isa = PBXFileReference; lastKnownFileType = sourcecode.swift; path = BodyCell.swift; sourceTree = "<group>"; };
		48FEC5B020510A4A00AD63C7 /* SupportCell.swift */ = {isa = PBXFileReference; lastKnownFileType = sourcecode.swift; path = SupportCell.swift; sourceTree = "<group>"; };
		48FEC5B220510A7700AD63C7 /* VideosCell.swift */ = {isa = PBXFileReference; lastKnownFileType = sourcecode.swift; path = VideosCell.swift; sourceTree = "<group>"; };
		48FEC5B420510A9900AD63C7 /* SupportCell.xib */ = {isa = PBXFileReference; lastKnownFileType = file.xib; path = SupportCell.xib; sourceTree = "<group>"; };
		48FEC5B620510AA400AD63C7 /* VideosCell.xib */ = {isa = PBXFileReference; lastKnownFileType = file.xib; path = VideosCell.xib; sourceTree = "<group>"; };
		48FEC5B820510C7E00AD63C7 /* AktrisCollectionViewCell.xib */ = {isa = PBXFileReference; lastKnownFileType = file.xib; path = AktrisCollectionViewCell.xib; sourceTree = "<group>"; };
		48FEC5BA20510C9800AD63C7 /* AktrisCollectionViewCell.swift */ = {isa = PBXFileReference; lastKnownFileType = sourcecode.swift; path = AktrisCollectionViewCell.swift; sourceTree = "<group>"; };
		63172C6853481552B3D2D62E /* Pods-MovieApp.release.xcconfig */ = {isa = PBXFileReference; includeInIndex = 1; lastKnownFileType = text.xcconfig; name = "Pods-MovieApp.release.xcconfig"; path = "Pods/Target Support Files/Pods-MovieApp/Pods-MovieApp.release.xcconfig"; sourceTree = "<group>"; };
		7464699029C913918E1A2C58 /* Pods-MovieApp.debug.xcconfig */ = {isa = PBXFileReference; includeInIndex = 1; lastKnownFileType = text.xcconfig; name = "Pods-MovieApp.debug.xcconfig"; path = "Pods/Target Support Files/Pods-MovieApp/Pods-MovieApp.debug.xcconfig"; sourceTree = "<group>"; };
		C568D874AED35D2058CD235B /* Pods_MovieApp.framework */ = {isa = PBXFileReference; explicitFileType = wrapper.framework; includeInIndex = 0; path = Pods_MovieApp.framework; sourceTree = BUILT_PRODUCTS_DIR; };
/* End PBXFileReference section */

/* Begin PBXFrameworksBuildPhase section */
		486DA39A204EDDE1004BC029 /* Frameworks */ = {
			isa = PBXFrameworksBuildPhase;
			buildActionMask = 2147483647;
			files = (
				713E2C7BECD039D730F34D22 /* Pods_MovieApp.framework in Frameworks */,
			);
			runOnlyForDeploymentPostprocessing = 0;
		};
/* End PBXFrameworksBuildPhase section */

/* Begin PBXGroup section */
		484623A9204EFCA300F58556 /* Utility */ = {
			isa = PBXGroup;
			children = (
				484623AA204EFCD300F58556 /* WebService.swift */,
				484623AC204EFCE400F58556 /* ErrorHandler.swift */,
			);
			path = Utility;
			sourceTree = "<group>";
		};
		484623AE204F09A400F58556 /* Model */ = {
			isa = PBXGroup;
			children = (
				484623AF204F09C600F58556 /* ListMovie.swift */,
				48867D0020509C960000F951 /* DetailMovie.swift */,
			);
			path = Model;
			sourceTree = "<group>";
		};
		486DA394204EDDE1004BC029 = {
			isa = PBXGroup;
			children = (
				486DA39F204EDDE1004BC029 /* MovieApp */,
				486DA39E204EDDE1004BC029 /* Products */,
				7B8183468BE6B54CD312A4CC /* Pods */,
				7028A7B1E4B2D2E90E403C21 /* Frameworks */,
			);
			sourceTree = "<group>";
		};
		486DA39E204EDDE1004BC029 /* Products */ = {
			isa = PBXGroup;
			children = (
				486DA39D204EDDE1004BC029 /* MovieApp.app */,
			);
			name = Products;
			sourceTree = "<group>";
		};
		486DA39F204EDDE1004BC029 /* MovieApp */ = {
			isa = PBXGroup;
			children = (
				48867CE4205010390000F951 /* Library */,
				484623AE204F09A400F58556 /* Model */,
				484623A9204EFCA300F58556 /* Utility */,
				486DA3B5204EEDBA004BC029 /* Controller */,
				486DA3B2204EE8BE004BC029 /* Resources */,
				486DA3A0204EDDE1004BC029 /* AppDelegate.swift */,
				486DA3A2204EDDE1004BC029 /* ViewController.swift */,
				486DA3A7204EDDE1004BC029 /* Assets.xcassets */,
				486DA3AC204EDDE1004BC029 /* Info.plist */,
				48867CF4205077130000F951 /* MovieApp-Bridging-Header.h */,
			);
			path = MovieApp;
			sourceTree = "<group>";
		};
		486DA3B2204EE8BE004BC029 /* Resources */ = {
			isa = PBXGroup;
			children = (
				486DA3A4204EDDE1004BC029 /* Main.storyboard */,
				486DA3A9204EDDE1004BC029 /* LaunchScreen.storyboard */,
				48867CFC2050941B0000F951 /* TitleCell.xib */,
				48FEC5AC2050F8F400AD63C7 /* BodyCell.xib */,
				48FEC5B420510A9900AD63C7 /* SupportCell.xib */,
				48FEC5B620510AA400AD63C7 /* VideosCell.xib */,
				48FEC5B820510C7E00AD63C7 /* AktrisCollectionViewCell.xib */,
			);
			path = Resources;
			sourceTree = "<group>";
		};
		486DA3B5204EEDBA004BC029 /* Controller */ = {
			isa = PBXGroup;
			children = (
				486DA3B6204EEDEE004BC029 /* NowPlayingViewController.swift */,
				486DA3B8204EEE4E004BC029 /* ListMovieTableViewCell.swift */,
				48867CF220505E740000F951 /* MainTabBarViewController.swift */,
				48867CFA205082BC0000F951 /* DetailMovieViewController.swift */,
				48867CFE205096B60000F951 /* TitleCell.swift */,
				48FEC5AE2050FF6300AD63C7 /* BodyCell.swift */,
				48FEC5B020510A4A00AD63C7 /* SupportCell.swift */,
				48FEC5B220510A7700AD63C7 /* VideosCell.swift */,
				48FEC5BA20510C9800AD63C7 /* AktrisCollectionViewCell.swift */,
			);
			path = Controller;
			sourceTree = "<group>";
		};
		48867CE4205010390000F951 /* Library */ = {
			isa = PBXGroup;
			children = (
				48867CF6205077390000F951 /* ProgressHUD */,
			);
			path = Library;
			sourceTree = "<group>";
		};
		48867CF6205077390000F951 /* ProgressHUD */ = {
			isa = PBXGroup;
			children = (
				48867CF7205077390000F951 /* ProgressHUD.h */,
				48867CF8205077390000F951 /* ProgressHUD.m */,
			);
			path = ProgressHUD;
			sourceTree = "<group>";
		};
		7028A7B1E4B2D2E90E403C21 /* Frameworks */ = {
			isa = PBXGroup;
			children = (
				C568D874AED35D2058CD235B /* Pods_MovieApp.framework */,
			);
			name = Frameworks;
			sourceTree = "<group>";
		};
		7B8183468BE6B54CD312A4CC /* Pods */ = {
			isa = PBXGroup;
			children = (
				7464699029C913918E1A2C58 /* Pods-MovieApp.debug.xcconfig */,
				63172C6853481552B3D2D62E /* Pods-MovieApp.release.xcconfig */,
			);
			name = Pods;
			sourceTree = "<group>";
		};
/* End PBXGroup section */

/* Begin PBXNativeTarget section */
		486DA39C204EDDE1004BC029 /* MovieApp */ = {
			isa = PBXNativeTarget;
			buildConfigurationList = 486DA3AF204EDDE1004BC029 /* Build configuration list for PBXNativeTarget "MovieApp" */;
			buildPhases = (
				844B7C522F36CDA69CCFED3A /* [CP] Check Pods Manifest.lock */,
				486DA399204EDDE1004BC029 /* Sources */,
				486DA39A204EDDE1004BC029 /* Frameworks */,
				486DA39B204EDDE1004BC029 /* Resources */,
				D540B5D0B5356FE4C40879E5 /* [CP] Embed Pods Frameworks */,
				30F32B1753557E5282CADBFC /* [CP] Copy Pods Resources */,
			);
			buildRules = (
			);
			dependencies = (
			);
			name = MovieApp;
			productName = MovieApp;
			productReference = 486DA39D204EDDE1004BC029 /* MovieApp.app */;
			productType = "com.apple.product-type.application";
		};
/* End PBXNativeTarget section */

/* Begin PBXProject section */
		486DA395204EDDE1004BC029 /* Project object */ = {
			isa = PBXProject;
			attributes = {
				LastSwiftUpdateCheck = 0920;
				LastUpgradeCheck = 0920;
				ORGANIZATIONNAME = Apit;
				TargetAttributes = {
					486DA39C204EDDE1004BC029 = {
						CreatedOnToolsVersion = 9.2;
						LastSwiftMigration = 0920;
						ProvisioningStyle = Automatic;
					};
				};
			};
			buildConfigurationList = 486DA398204EDDE1004BC029 /* Build configuration list for PBXProject "MovieApp" */;
			compatibilityVersion = "Xcode 8.0";
			developmentRegion = en;
			hasScannedForEncodings = 0;
			knownRegions = (
				en,
				Base,
			);
			mainGroup = 486DA394204EDDE1004BC029;
			productRefGroup = 486DA39E204EDDE1004BC029 /* Products */;
			projectDirPath = "";
			projectRoot = "";
			targets = (
				486DA39C204EDDE1004BC029 /* MovieApp */,
			);
		};
/* End PBXProject section */

/* Begin PBXResourcesBuildPhase section */
		486DA39B204EDDE1004BC029 /* Resources */ = {
			isa = PBXResourcesBuildPhase;
			buildActionMask = 2147483647;
			files = (
				48867CFD2050941B0000F951 /* TitleCell.xib in Resources */,
				486DA3AB204EDDE1004BC029 /* LaunchScreen.storyboard in Resources */,
				48FEC5B920510C7E00AD63C7 /* AktrisCollectionViewCell.xib in Resources */,
				486DA3A8204EDDE1004BC029 /* Assets.xcassets in Resources */,
				48FEC5AD2050F8F400AD63C7 /* BodyCell.xib in Resources */,
				48FEC5B720510AA400AD63C7 /* VideosCell.xib in Resources */,
				486DA3A6204EDDE1004BC029 /* Main.storyboard in Resources */,
				48FEC5B520510A9900AD63C7 /* SupportCell.xib in Resources */,
			);
			runOnlyForDeploymentPostprocessing = 0;
		};
/* End PBXResourcesBuildPhase section */

/* Begin PBXShellScriptBuildPhase section */
		30F32B1753557E5282CADBFC /* [CP] Copy Pods Resources */ = {
			isa = PBXShellScriptBuildPhase;
			buildActionMask = 2147483647;
			files = (
			);
			inputPaths = (
			);
			name = "[CP] Copy Pods Resources";
			outputPaths = (
			);
			runOnlyForDeploymentPostprocessing = 0;
			shellPath = /bin/sh;
			shellScript = "\"${SRCROOT}/Pods/Target Support Files/Pods-MovieApp/Pods-MovieApp-resources.sh\"\n";
			showEnvVarsInLog = 0;
		};
		844B7C522F36CDA69CCFED3A /* [CP] Check Pods Manifest.lock */ = {
			isa = PBXShellScriptBuildPhase;
			buildActionMask = 2147483647;
			files = (
			);
			inputPaths = (
			);
			name = "[CP] Check Pods Manifest.lock";
			outputPaths = (
			);
			runOnlyForDeploymentPostprocessing = 0;
			shellPath = /bin/sh;
			shellScript = "diff \"${PODS_PODFILE_DIR_PATH}/Podfile.lock\" \"${PODS_ROOT}/Manifest.lock\" > /dev/null\nif [ $? != 0 ] ; then\n    # print error to STDERR\n    echo \"error: The sandbox is not in sync with the Podfile.lock. Run 'pod install' or update your CocoaPods installation.\" >&2\n    exit 1\nfi\n";
			showEnvVarsInLog = 0;
		};
		D540B5D0B5356FE4C40879E5 /* [CP] Embed Pods Frameworks */ = {
			isa = PBXShellScriptBuildPhase;
			buildActionMask = 2147483647;
			files = (
			);
			inputPaths = (
			);
			name = "[CP] Embed Pods Frameworks";
			outputPaths = (
			);
			runOnlyForDeploymentPostprocessing = 0;
			shellPath = /bin/sh;
			shellScript = "\"${SRCROOT}/Pods/Target Support Files/Pods-MovieApp/Pods-MovieApp-frameworks.sh\"\n";
			showEnvVarsInLog = 0;
		};
/* End PBXShellScriptBuildPhase section */

/* Begin PBXSourcesBuildPhase section */
		486DA399204EDDE1004BC029 /* Sources */ = {
			isa = PBXSourcesBuildPhase;
			buildActionMask = 2147483647;
			files = (
				48867CF9205077390000F951 /* ProgressHUD.m in Sources */,
				48867CFF205096B60000F951 /* TitleCell.swift in Sources */,
				48FEC5B320510A7800AD63C7 /* VideosCell.swift in Sources */,
				486DA3A3204EDDE1004BC029 /* ViewController.swift in Sources */,
				48867CF320505E740000F951 /* MainTabBarViewController.swift in Sources */,
				486DA3B7204EEDEE004BC029 /* NowPlayingViewController.swift in Sources */,
				486DA3B9204EEE4E004BC029 /* ListMovieTableViewCell.swift in Sources */,
				484623AD204EFCE400F58556 /* ErrorHandler.swift in Sources */,
				484623AB204EFCD300F58556 /* WebService.swift in Sources */,
				48FEC5AF2050FF6300AD63C7 /* BodyCell.swift in Sources */,
				486DA3A1204EDDE1004BC029 /* AppDelegate.swift in Sources */,
				48867CFB205082BC0000F951 /* DetailMovieViewController.swift in Sources */,
				484623B0204F09C600F58556 /* ListMovie.swift in Sources */,
				48867D0120509C960000F951 /* DetailMovie.swift in Sources */,
				48FEC5BB20510C9800AD63C7 /* AktrisCollectionViewCell.swift in Sources */,
				48FEC5B120510A4A00AD63C7 /* SupportCell.swift in Sources */,
			);
			runOnlyForDeploymentPostprocessing = 0;
		};
/* End PBXSourcesBuildPhase section */

/* Begin PBXVariantGroup section */
		486DA3A4204EDDE1004BC029 /* Main.storyboard */ = {
			isa = PBXVariantGroup;
			children = (
				486DA3A5204EDDE1004BC029 /* Base */,
			);
			name = Main.storyboard;
			sourceTree = "<group>";
		};
		486DA3A9204EDDE1004BC029 /* LaunchScreen.storyboard */ = {
			isa = PBXVariantGroup;
			children = (
				486DA3AA204EDDE1004BC029 /* Base */,
			);
			name = LaunchScreen.storyboard;
			sourceTree = "<group>";
		};
/* End PBXVariantGroup section */

/* Begin XCBuildConfiguration section */
		486DA3AD204EDDE1004BC029 /* Debug */ = {
			isa = XCBuildConfiguration;
			buildSettings = {
				ALWAYS_SEARCH_USER_PATHS = NO;
				CLANG_ANALYZER_NONNULL = YES;
				CLANG_ANALYZER_NUMBER_OBJECT_CONVERSION = YES_AGGRESSIVE;
				CLANG_CXX_LANGUAGE_STANDARD = "gnu++14";
				CLANG_CXX_LIBRARY = "libc++";
				CLANG_ENABLE_MODULES = YES;
				CLANG_ENABLE_OBJC_ARC = YES;
				CLANG_WARN_BLOCK_CAPTURE_AUTORELEASING = YES;
				CLANG_WARN_BOOL_CONVERSION = YES;
				CLANG_WARN_COMMA = YES;
				CLANG_WARN_CONSTANT_CONVERSION = YES;
				CLANG_WARN_DIRECT_OBJC_ISA_USAGE = YES_ERROR;
				CLANG_WARN_DOCUMENTATION_COMMENTS = YES;
				CLANG_WARN_EMPTY_BODY = YES;
				CLANG_WARN_ENUM_CONVERSION = YES;
				CLANG_WARN_INFINITE_RECURSION = YES;
				CLANG_WARN_INT_CONVERSION = YES;
				CLANG_WARN_NON_LITERAL_NULL_CONVERSION = YES;
				CLANG_WARN_OBJC_LITERAL_CONVERSION = YES;
				CLANG_WARN_OBJC_ROOT_CLASS = YES_ERROR;
				CLANG_WARN_RANGE_LOOP_ANALYSIS = YES;
				CLANG_WARN_STRICT_PROTOTYPES = YES;
				CLANG_WARN_SUSPICIOUS_MOVE = YES;
				CLANG_WARN_UNGUARDED_AVAILABILITY = YES_AGGRESSIVE;
				CLANG_WARN_UNREACHABLE_CODE = YES;
				CLANG_WARN__DUPLICATE_METHOD_MATCH = YES;
				CODE_SIGN_IDENTITY = "iPhone Developer";
				COPY_PHASE_STRIP = NO;
				DEBUG_INFORMATION_FORMAT = dwarf;
				ENABLE_STRICT_OBJC_MSGSEND = YES;
				ENABLE_TESTABILITY = YES;
				GCC_C_LANGUAGE_STANDARD = gnu11;
				GCC_DYNAMIC_NO_PIC = NO;
				GCC_NO_COMMON_BLOCKS = YES;
				GCC_OPTIMIZATION_LEVEL = 0;
				GCC_PREPROCESSOR_DEFINITIONS = (
					"DEBUG=1",
					"$(inherited)",
				);
				GCC_WARN_64_TO_32_BIT_CONVERSION = YES;
				GCC_WARN_ABOUT_RETURN_TYPE = YES_ERROR;
				GCC_WARN_UNDECLARED_SELECTOR = YES;
				GCC_WARN_UNINITIALIZED_AUTOS = YES_AGGRESSIVE;
				GCC_WARN_UNUSED_FUNCTION = YES;
				GCC_WARN_UNUSED_VARIABLE = YES;
				IPHONEOS_DEPLOYMENT_TARGET = 11.2;
				MTL_ENABLE_DEBUG_INFO = YES;
				ONLY_ACTIVE_ARCH = YES;
				SDKROOT = iphoneos;
				SWIFT_ACTIVE_COMPILATION_CONDITIONS = DEBUG;
				SWIFT_OPTIMIZATION_LEVEL = "-Onone";
			};
			name = Debug;
		};
		486DA3AE204EDDE1004BC029 /* Release */ = {
			isa = XCBuildConfiguration;
			buildSettings = {
				ALWAYS_SEARCH_USER_PATHS = NO;
				CLANG_ANALYZER_NONNULL = YES;
				CLANG_ANALYZER_NUMBER_OBJECT_CONVERSION = YES_AGGRESSIVE;
				CLANG_CXX_LANGUAGE_STANDARD = "gnu++14";
				CLANG_CXX_LIBRARY = "libc++";
				CLANG_ENABLE_MODULES = YES;
				CLANG_ENABLE_OBJC_ARC = YES;
				CLANG_WARN_BLOCK_CAPTURE_AUTORELEASING = YES;
				CLANG_WARN_BOOL_CONVERSION = YES;
				CLANG_WARN_COMMA = YES;
				CLANG_WARN_CONSTANT_CONVERSION = YES;
				CLANG_WARN_DIRECT_OBJC_ISA_USAGE = YES_ERROR;
				CLANG_WARN_DOCUMENTATION_COMMENTS = YES;
				CLANG_WARN_EMPTY_BODY = YES;
				CLANG_WARN_ENUM_CONVERSION = YES;
				CLANG_WARN_INFINITE_RECURSION = YES;
				CLANG_WARN_INT_CONVERSION = YES;
				CLANG_WARN_NON_LITERAL_NULL_CONVERSION = YES;
				CLANG_WARN_OBJC_LITERAL_CONVERSION = YES;
				CLANG_WARN_OBJC_ROOT_CLASS = YES_ERROR;
				CLANG_WARN_RANGE_LOOP_ANALYSIS = YES;
				CLANG_WARN_STRICT_PROTOTYPES = YES;
				CLANG_WARN_SUSPICIOUS_MOVE = YES;
				CLANG_WARN_UNGUARDED_AVAILABILITY = YES_AGGRESSIVE;
				CLANG_WARN_UNREACHABLE_CODE = YES;
				CLANG_WARN__DUPLICATE_METHOD_MATCH = YES;
				CODE_SIGN_IDENTITY = "iPhone Developer";
				COPY_PHASE_STRIP = NO;
				DEBUG_INFORMATION_FORMAT = "dwarf-with-dsym";
				ENABLE_NS_ASSERTIONS = NO;
				ENABLE_STRICT_OBJC_MSGSEND = YES;
				GCC_C_LANGUAGE_STANDARD = gnu11;
				GCC_NO_COMMON_BLOCKS = YES;
				GCC_WARN_64_TO_32_BIT_CONVERSION = YES;
				GCC_WARN_ABOUT_RETURN_TYPE = YES_ERROR;
				GCC_WARN_UNDECLARED_SELECTOR = YES;
				GCC_WARN_UNINITIALIZED_AUTOS = YES_AGGRESSIVE;
				GCC_WARN_UNUSED_FUNCTION = YES;
				GCC_WARN_UNUSED_VARIABLE = YES;
				IPHONEOS_DEPLOYMENT_TARGET = 11.2;
				MTL_ENABLE_DEBUG_INFO = NO;
				SDKROOT = iphoneos;
				SWIFT_OPTIMIZATION_LEVEL = "-Owholemodule";
				VALIDATE_PRODUCT = YES;
			};
			name = Release;
		};
		486DA3B0204EDDE1004BC029 /* Debug */ = {
			isa = XCBuildConfiguration;
			baseConfigurationReference = 7464699029C913918E1A2C58 /* Pods-MovieApp.debug.xcconfig */;
			buildSettings = {
				ASSETCATALOG_COMPILER_APPICON_NAME = AppIcon;
				CLANG_ENABLE_MODULES = YES;
				CODE_SIGN_STYLE = Automatic;
				DEVELOPMENT_TEAM = ZQEDLFR82W;
				INFOPLIST_FILE = MovieApp/Info.plist;
				IPHONEOS_DEPLOYMENT_TARGET = 8.0;
				LD_RUNPATH_SEARCH_PATHS = "$(inherited) @executable_path/Frameworks";
				PRODUCT_BUNDLE_IDENTIFIER = com.apit.MovieApp;
				PRODUCT_NAME = "$(TARGET_NAME)";
				SWIFT_OBJC_BRIDGING_HEADER = "MovieApp/MovieApp-Bridging-Header.h";
				SWIFT_OPTIMIZATION_LEVEL = "-Onone";
				SWIFT_VERSION = 4.0;
				TARGETED_DEVICE_FAMILY = 1;
			};
			name = Debug;
		};
		486DA3B1204EDDE1004BC029 /* Release */ = {
			isa = XCBuildConfiguration;
			baseConfigurationReference = 63172C6853481552B3D2D62E /* Pods-MovieApp.release.xcconfig */;
			buildSettings = {
				ASSETCATALOG_COMPILER_APPICON_NAME = AppIcon;
				CLANG_ENABLE_MODULES = YES;
				CODE_SIGN_STYLE = Automatic;
				DEVELOPMENT_TEAM = ZQEDLFR82W;
				INFOPLIST_FILE = MovieApp/Info.plist;
				IPHONEOS_DEPLOYMENT_TARGET = 8.0;
				LD_RUNPATH_SEARCH_PATHS = "$(inherited) @executable_path/Frameworks";
				PRODUCT_BUNDLE_IDENTIFIER = com.apit.MovieApp;
				PRODUCT_NAME = "$(TARGET_NAME)";
				SWIFT_OBJC_BRIDGING_HEADER = "MovieApp/MovieApp-Bridging-Header.h";
				SWIFT_VERSION = 4.0;
				TARGETED_DEVICE_FAMILY = 1;
			};
			name = Release;
		};
/* End XCBuildConfiguration section */

/* Begin XCConfigurationList section */
		486DA398204EDDE1004BC029 /* Build configuration list for PBXProject "MovieApp" */ = {
			isa = XCConfigurationList;
			buildConfigurations = (
				486DA3AD204EDDE1004BC029 /* Debug */,
				486DA3AE204EDDE1004BC029 /* Release */,
			);
			defaultConfigurationIsVisible = 0;
			defaultConfigurationName = Release;
		};
		486DA3AF204EDDE1004BC029 /* Build configuration list for PBXNativeTarget "MovieApp" */ = {
			isa = XCConfigurationList;
			buildConfigurations = (
				486DA3B0204EDDE1004BC029 /* Debug */,
				486DA3B1204EDDE1004BC029 /* Release */,
			);
			defaultConfigurationIsVisible = 0;
			defaultConfigurationName = Release;
		};
/* End XCConfigurationList section */
	};
	rootObject = 486DA395204EDDE1004BC029 /* Project object */;
}
